
Microsoft Visual Studio Solution File, Format Version 12.00
# Visual Studio 15
VisualStudioVersion = 15.0.26730.16
MinimumVisualStudioVersion = 10.0.40219.1
Project("{FAE04EC0-301F-11D3-BF4B-00C04F79EFBC}") = "TestLinkUtil", "TestLinkUtil\TestLinkUtil.csproj", "{B3A7D90A-9851-43AD-B9D6-1658D5A5ADB6}"
EndProject
Global
	GlobalSection(SolutionConfigurationPlatforms) = preSolution
		Debug|Any CPU = Debug|Any CPU
		Release|Any CPU = Release|Any CPU
	EndGlobalSection
	GlobalSection(ProjectConfigurationPlatforms) = postSolution
		{B3A7D90A-9851-43AD-B9D6-1658D5A5ADB6}.Debug|Any CPU.ActiveCfg = Debug|Any CPU
		{B3A7D90A-9851-43AD-B9D6-1658D5A5ADB6}.Debug|Any CPU.Build.0 = Debug|Any CPU
		{B3A7D90A-9851-43AD-B9D6-1658D5A5ADB6}.Release|Any CPU.ActiveCfg = Release|Any CPU
		{B3A7D90A-9851-43AD-B9D6-1658D5A5ADB6}.Release|Any CPU.Build.0 = Release|Any CPU
	EndGlobalSection
	GlobalSection(SolutionProperties) = preSolution
		HideSolutionNode = FALSE
	EndGlobalSection
	GlobalSection(ExtensibilityGlobals) = postSolution
		SolutionGuid = {25967490-D5DD-486D-A2CC-A829E0056460}
	EndGlobalSection
EndGlobal
